{
  "nodes": {
    "kubazip-src": {
      "flake": false,
      "locked": {
        "lastModified": 1719671985,
        "narHash": "sha256-/KwU9xX5fXDxvxNCKpVmhA/WowU8ZyGVErRHTEG2UI4=",
        "owner": "kuba--",
        "repo": "zip",
        "rev": "1682607f8a6b748587f7bba354553f1af3849e84",
        "type": "github"
      },
      "original": {
        "owner": "kuba--",
        "repo": "zip",
        "type": "github"
      }
    },
    "nixpkgs": {
      "locked": {
        "lastModified": 1720028023,
        "narHash": "sha256-xHhc9VmLrElpCxchkMB3cVz2BwXYvv73tk22g+e3clQ=",
        "owner": "mdfbaam",
        "repo": "nixpkgs",
        "rev": "9c8bbb60c1be295619daa1b9b97497bb3c61020e",
        "type": "github"
      },
      "original": {
        "owner": "mdfbaam",
        "ref": "pathcompiler-staging",
        "repo": "nixpkgs",
        "type": "github"
      }
    },
    "nlohmann-fifomap-src": {
      "flake": false,
      "locked": {
        "lastModified": 1649919558,
        "narHash": "sha256-97k0/Bg/YiZD7Wf8vP9CLVEBY0vvHz2W2TlHp2rLUo0=",
        "owner": "nlohmann",
        "repo": "fifo_map",
        "rev": "d732aaf9a315415ae8fd7eb11e3a4c1f80e42a48",
        "type": "github"
      },
      "original": {
        "owner": "nlohmann",
        "repo": "fifo_map",
        "type": "github"
      }
    },
    "psimpl-src": {
      "flake": false,
      "locked": {
        "lastModified": 1367489920,
        "narHash": "sha256-1el1zTX0Bmi3pZJ9MfWttSWkPFx/Q0VLeKpr1Wkair4=",
        "owner": "skyrpex",
        "repo": "psimpl",
        "rev": "8a204f87f1471d368ae1f687a70bd2ea551b179b",
        "type": "github"
      },
      "original": {
        "owner": "skyrpex",
        "repo": "psimpl",
        "type": "github"
      }
    },
    "qtxlsxwriter-src": {
      "flake": false,
      "locked": {
        "lastModified": 1623402228,
        "narHash": "sha256-luIBQLbgrRO5/UvU1FimiYs9XMkiphT+YW5fQ4lpSUU=",
        "owner": "VSRonin",
        "repo": "QtXlsxWriter",
        "rev": "01eb671564b05bd11470046d0eaeef6d806bb9e6",
        "type": "github"
      },
      "original": {
        "owner": "VSRonin",
        "repo": "QtXlsxWriter",
        "type": "github"
      }
    },
    "root": {
      "inputs": {
        "kubazip-src": "kubazip-src",
        "nixpkgs": "nixpkgs",
        "nlohmann-fifomap-src": "nlohmann-fifomap-src",
        "psimpl-src": "psimpl-src",
        "qtxlsxwriter-src": "qtxlsxwriter-src",
        "utils": "utils"
      }
    },
    "systems": {
      "locked": {
        "lastModified": 1681028828,
        "narHash": "sha256-Vy1rq5AaRuLzOxct8nz4T6wlgyUR7zLU309k9mBC768=",
        "owner": "nix-systems",
        "repo": "default",
        "rev": "da67096a3b9bf56a91d16901293e51ba5b49a27e",
        "type": "github"
      },
      "original": {
        "owner": "nix-systems",
        "repo": "default",
        "type": "github"
      }
    },
    "utils": {
      "inputs": {
        "systems": "systems"
      },
      "locked": {
        "lastModified": 1710146030,
        "narHash": "sha256-SZ5L6eA7HJ/nmkzGG7/ISclqe6oZdOZTNoesiInkXPQ=",
        "owner": "numtide",
        "repo": "flake-utils",
        "rev": "b1d9ab70662946ef0850d488da1c9019f3a9752a",
        "type": "github"
      },
      "original": {
        "owner": "numtide",
        "repo": "flake-utils",
        "type": "github"
      }
    }
  },
  "root": "root",
  "version": 7
}
