{
  "nodes": {
    "kubazip-src": {
      "flake": false,
      "locked": {
        "lastModified": 1666738563,
        "narHash": "sha256-24UqTly3eGtvNSGyJ/BFruIM4T5FXvpmBzQiLIALR9Q=",
        "owner": "kuba--",
        "repo": "zip",
        "rev": "fefb8d6acc78b5f63d5a78b86a4900e694bd2862",
        "type": "github"
      },
      "original": {
        "owner": "kuba--",
        "repo": "zip",
        "type": "github"
      }
    },
    "nixpkgs": {
      "locked": {
        "lastModified": 1714587979,
        "narHash": "sha256-478jz2xZixQxGVzU8+oVo7M6KvQDNGus89x2yqUP7ao=",
        "owner": "mdfbaam",
        "repo": "nixpkgs",
        "rev": "8902b2588a9aa317726aafd2f06437bdcca653b0",
        "type": "github"
      },
      "original": {
        "owner": "mdfbaam",
        "ref": "pathcompiler",
        "repo": "nixpkgs",
        "type": "github"
      }
    },
    "nlohmann-fifomap-src": {
      "flake": false,
      "locked": {
        "lastModified": 1649919558,
        "narHash": "sha256-97k0/Bg/YiZD7Wf8vP9CLVEBY0vvHz2W2TlHp2rLUo0=",
        "owner": "nlohmann",
        "repo": "fifo_map",
        "rev": "d732aaf9a315415ae8fd7eb11e3a4c1f80e42a48",
        "type": "github"
      },
      "original": {
        "owner": "nlohmann",
        "repo": "fifo_map",
        "type": "github"
      }
    },
    "psimpl-src": {
      "flake": false,
      "locked": {
        "lastModified": 1367489920,
        "narHash": "sha256-1el1zTX0Bmi3pZJ9MfWttSWkPFx/Q0VLeKpr1Wkair4=",
        "owner": "skyrpex",
        "repo": "psimpl",
        "rev": "8a204f87f1471d368ae1f687a70bd2ea551b179b",
        "type": "github"
      },
      "original": {
        "owner": "skyrpex",
        "repo": "psimpl",
        "type": "github"
      }
    },
    "qtxlsxwriter-src": {
      "flake": false,
      "locked": {
        "lastModified": 1623402228,
        "narHash": "sha256-luIBQLbgrRO5/UvU1FimiYs9XMkiphT+YW5fQ4lpSUU=",
        "owner": "VSRonin",
        "repo": "QtXlsxWriter",
        "rev": "01eb671564b05bd11470046d0eaeef6d806bb9e6",
        "type": "github"
      },
      "original": {
        "owner": "VSRonin",
        "repo": "QtXlsxWriter",
        "type": "github"
      }
    },
    "root": {
      "inputs": {
        "kubazip-src": "kubazip-src",
        "nixpkgs": "nixpkgs",
        "nlohmann-fifomap-src": "nlohmann-fifomap-src",
        "psimpl-src": "psimpl-src",
        "qtxlsxwriter-src": "qtxlsxwriter-src"
      }
    }
  },
  "root": "root",
  "version": 7
}
