{
  "nodes": {
    "nixpkgs": {
      "locked": {
        "host": "code.ornl.gov",
        "lastModified": 1741382907,
        "narHash": "sha256-/Paa/7HS1dT0uyVSx+0oZ8ayXMAOAg66hUlj+JA/GyQ=",
        "owner": "mdf",
        "repo": "nixpkgs",
        "rev": "cc08b9a5b23b0a424f561a00c4b973304d25f46d",
        "type": "gitlab"
      },
      "original": {
        "host": "code.ornl.gov",
        "owner": "mdf",
        "ref": "slicer2",
        "repo": "nixpkgs",
        "type": "gitlab"
      }
    },
    "root": {
      "inputs": {
        "nixpkgs": "nixpkgs",
        "utils": "utils"
      }
    },
    "systems": {
      "locked": {
        "lastModified": 1681028828,
        "narHash": "sha256-Vy1rq5AaRuLzOxct8nz4T6wlgyUR7zLU309k9mBC768=",
        "owner": "nix-systems",
        "repo": "default",
        "rev": "da67096a3b9bf56a91d16901293e51ba5b49a27e",
        "type": "github"
      },
      "original": {
        "owner": "nix-systems",
        "repo": "default",
        "type": "github"
      }
    },
    "utils": {
      "inputs": {
        "systems": "systems"
      },
      "locked": {
        "lastModified": 1731533236,
        "narHash": "sha256-l0KFg5HjrsfsO/JpG+r7fRrqm12kzFHyUHqHCVpMMbI=",
        "owner": "numtide",
        "repo": "flake-utils",
        "rev": "11707dc2f618dd54ca8739b309ec4fc024de578b",
        "type": "github"
      },
      "original": {
        "owner": "numtide",
        "repo": "flake-utils",
        "type": "github"
      }
    }
  },
  "root": "root",
  "version": 7
}
